// !$*UTF8*$!
{
	archiveVersion = 1;
	classes = {
	};
	objectVersion = 54;
	objects = {

/* Begin PBXBuildFile section */
		036F6A401DA344A3ADB8EF59 /* SUIT-Light.ttf in Resources */ = {isa = PBXBuildFile; fileRef = B3693CC5121040FD86D1C352 /* SUIT-Light.ttf */; };
		0731F20CFE6340A895CE668D /* SUIT-Thin.ttf in Resources */ = {isa = PBXBuildFile; fileRef = 58505C388EFE46FD85535548 /* SUIT-Thin.ttf */; };
		0CEDD04E2527443580D22880 /* SUIT-Regular.ttf in Resources */ = {isa = PBXBuildFile; fileRef = DAECE7F814594C479AF08E4F /* SUIT-Regular.ttf */; };
		103159265E4AAF0613FBF039 /* libPods-lifepuzzle.a in Frameworks */ = {isa = PBXBuildFile; fileRef = 7F61953CFE10D39AC504798D /* libPods-lifepuzzle.a */; };
		13B07FBF1A68108700A75B9A /* Images.xcassets in Resources */ = {isa = PBXBuildFile; fileRef = 13B07FB51A68108700A75B9A /* Images.xcassets */; };
		1EA5432CFEFCDF180E3E37C2 /* PrivacyInfo.xcprivacy in Resources */ = {isa = PBXBuildFile; fileRef = 13B07FB81A68108700A75B9A /* PrivacyInfo.xcprivacy */; };
		27CC7E9492494704A4494201 /* SUIT-SemiBold.ttf in Resources */ = {isa = PBXBuildFile; fileRef = 14D3F721478F4779AACBD0DA /* SUIT-SemiBold.ttf */; };
		41DCB6832E182D6A005521B7 /* Config.xcconfig in Resources */ = {isa = PBXBuildFile; fileRef = 41DCB6822E182D6A005521B7 /* Config.xcconfig */; };
		6AC4628DA23E41A19AE88A77 /* SUIT-ExtraBold.ttf in Resources */ = {isa = PBXBuildFile; fileRef = D8D5CEF5362C4676B7741A3E /* SUIT-ExtraBold.ttf */; };
		761780ED2CA45674006654EE /* AppDelegate.swift in Sources */ = {isa = PBXBuildFile; fileRef = 761780EC2CA45674006654EE /* AppDelegate.swift */; };
		81AB9BB82411601600AC10FF /* LaunchScreen.storyboard in Resources */ = {isa = PBXBuildFile; fileRef = 81AB9BB72411601600AC10FF /* LaunchScreen.storyboard */; };
		82B999686E2147F19ED308F8 /* SUIT-ExtraLight.ttf in Resources */ = {isa = PBXBuildFile; fileRef = 31F15B8503DC4C19B2B3ECFA /* SUIT-ExtraLight.ttf */; };
		9D89C350E15B4CDBB6CA8CD4 /* SUIT-Heavy.ttf in Resources */ = {isa = PBXBuildFile; fileRef = B5520C1E157A4CFDB0F7A658 /* SUIT-Heavy.ttf */; };
		A66B61C02E71BDF700273F94 /* LifePuzzleShare.appex in Embed Foundation Extensions */ = {isa = PBXBuildFile; fileRef = A66B61B62E71BDF600273F94 /* LifePuzzleShare.appex */; settings = {ATTRIBUTES = (RemoveHeadersOnCopy, ); }; };
		A66D7DF72E72D1E200A9EFC3 /* LPShareModule.mm in Sources */ = {isa = PBXBuildFile; fileRef = A66D7DF62E72D1E100A9EFC3 /* LPShareModule.mm */; };
		A66D7E722E73042900A9EFC3 /* Social.framework in Frameworks */ = {isa = PBXBuildFile; fileRef = A66D7E712E73042900A9EFC3 /* Social.framework */; };
		A66D7E742E73044500A9EFC3 /* UniformTypeIdentifiers.framework in Frameworks */ = {isa = PBXBuildFile; fileRef = A66D7E732E73044500A9EFC3 /* UniformTypeIdentifiers.framework */; };
		A66D7E762E73045500A9EFC3 /* MobileCoreServices.framework in Frameworks */ = {isa = PBXBuildFile; fileRef = A66D7E752E73045500A9EFC3 /* MobileCoreServices.framework */; };
		A695A64929FE62E7009456FE /* Pretendard-Regular.ttf in Resources */ = {isa = PBXBuildFile; fileRef = A695A64029FE62E7009456FE /* Pretendard-Regular.ttf */; };
		A695A64A29FE62E7009456FE /* Pretendard-SemiBold.ttf in Resources */ = {isa = PBXBuildFile; fileRef = A695A64129FE62E7009456FE /* Pretendard-SemiBold.ttf */; };
		A695A64B29FE62E7009456FE /* Pretendard-Bold.ttf in Resources */ = {isa = PBXBuildFile; fileRef = A695A64229FE62E7009456FE /* Pretendard-Bold.ttf */; };
		A695A64C29FE62E7009456FE /* Pretendard-Black.ttf in Resources */ = {isa = PBXBuildFile; fileRef = A695A64329FE62E7009456FE /* Pretendard-Black.ttf */; };
		A695A64D29FE62E7009456FE /* Pretendard-ExtraBold.ttf in Resources */ = {isa = PBXBuildFile; fileRef = A695A64429FE62E7009456FE /* Pretendard-ExtraBold.ttf */; };
		A695A64E29FE62E7009456FE /* Pretendard-Medium.ttf in Resources */ = {isa = PBXBuildFile; fileRef = A695A64529FE62E7009456FE /* Pretendard-Medium.ttf */; };
		A695A64F29FE62E7009456FE /* Pretendard-Thin.ttf in Resources */ = {isa = PBXBuildFile; fileRef = A695A64629FE62E7009456FE /* Pretendard-Thin.ttf */; };
		A695A65029FE62E7009456FE /* Pretendard-Light.ttf in Resources */ = {isa = PBXBuildFile; fileRef = A695A64729FE62E7009456FE /* Pretendard-Light.ttf */; };
		A695A65129FE62E7009456FE /* Pretendard-ExtraLight.ttf in Resources */ = {isa = PBXBuildFile; fileRef = A695A64829FE62E7009456FE /* Pretendard-ExtraLight.ttf */; };
		A94B95A6373D42E68FF19EC2 /* SUIT-Medium.ttf in Resources */ = {isa = PBXBuildFile; fileRef = A001DC8F4F25472D91623359 /* SUIT-Medium.ttf */; };
		F47CA7BAF5164478B893B2B6 /* SUIT-Bold.ttf in Resources */ = {isa = PBXBuildFile; fileRef = 9384F3C9ABBE41D2A57E5D4F /* SUIT-Bold.ttf */; };
/* End PBXBuildFile section */

/* Begin PBXContainerItemProxy section */
		A66B61BE2E71BDF700273F94 /* PBXContainerItemProxy */ = {
			isa = PBXContainerItemProxy;
			containerPortal = 83CBB9F71A601CBA00E9B192 /* Project object */;
			proxyType = 1;
			remoteGlobalIDString = A66B61B52E71BDF600273F94;
			remoteInfo = LifePuzzleShare;
		};
/* End PBXContainerItemProxy section */

/* Begin PBXCopyFilesBuildPhase section */
		A66B61C12E71BDF700273F94 /* Embed Foundation Extensions */ = {
			isa = PBXCopyFilesBuildPhase;
			buildActionMask = 2147483647;
			dstPath = "";
			dstSubfolderSpec = 13;
			files = (
				A66B61C02E71BDF700273F94 /* LifePuzzleShare.appex in Embed Foundation Extensions */,
			);
			name = "Embed Foundation Extensions";
			runOnlyForDeploymentPostprocessing = 0;
		};
/* End PBXCopyFilesBuildPhase section */

/* Begin PBXFileReference section */
		01833A6C43563762B50973EB /* Pods-lifepuzzle.release.xcconfig */ = {isa = PBXFileReference; includeInIndex = 1; lastKnownFileType = text.xcconfig; name = "Pods-lifepuzzle.release.xcconfig"; path = "Target Support Files/Pods-lifepuzzle/Pods-lifepuzzle.release.xcconfig"; sourceTree = "<group>"; };
		03C394502C7A0A5E00CD2BEB /* lifepuzzle.entitlements */ = {isa = PBXFileReference; lastKnownFileType = text.plist.entitlements; name = lifepuzzle.entitlements; path = lifepuzzle/lifepuzzle.entitlements; sourceTree = "<group>"; };
		13B07F961A680F5B00A75B9A /* lifepuzzle.app */ = {isa = PBXFileReference; explicitFileType = wrapper.application; includeInIndex = 0; path = lifepuzzle.app; sourceTree = BUILT_PRODUCTS_DIR; };
		13B07FB51A68108700A75B9A /* Images.xcassets */ = {isa = PBXFileReference; lastKnownFileType = folder.assetcatalog; name = Images.xcassets; path = lifepuzzle/Images.xcassets; sourceTree = "<group>"; };
		13B07FB61A68108700A75B9A /* Info.plist */ = {isa = PBXFileReference; fileEncoding = 4; lastKnownFileType = text.plist.xml; name = Info.plist; path = lifepuzzle/Info.plist; sourceTree = "<group>"; };
		13B07FB81A68108700A75B9A /* PrivacyInfo.xcprivacy */ = {isa = PBXFileReference; fileEncoding = 4; lastKnownFileType = text.plist.xml; name = PrivacyInfo.xcprivacy; path = lifepuzzle/PrivacyInfo.xcprivacy; sourceTree = "<group>"; };
		14D3F721478F4779AACBD0DA /* SUIT-SemiBold.ttf */ = {isa = PBXFileReference; explicitFileType = undefined; fileEncoding = 9; includeInIndex = 0; lastKnownFileType = unknown; name = "SUIT-SemiBold.ttf"; path = "../app/assets/fonts/SUIT-SemiBold.ttf"; sourceTree = "<group>"; };
		19409F5AE09993ABC20E598A /* Pods-lifepuzzle.debug.xcconfig */ = {isa = PBXFileReference; includeInIndex = 1; lastKnownFileType = text.xcconfig; name = "Pods-lifepuzzle.debug.xcconfig"; path = "Target Support Files/Pods-lifepuzzle/Pods-lifepuzzle.debug.xcconfig"; sourceTree = "<group>"; };
		31F15B8503DC4C19B2B3ECFA /* SUIT-ExtraLight.ttf */ = {isa = PBXFileReference; explicitFileType = undefined; fileEncoding = 9; includeInIndex = 0; lastKnownFileType = unknown; name = "SUIT-ExtraLight.ttf"; path = "../app/assets/fonts/SUIT-ExtraLight.ttf"; sourceTree = "<group>"; };
		41DCB6822E182D6A005521B7 /* Config.xcconfig */ = {isa = PBXFileReference; lastKnownFileType = text.xcconfig; path = Config.xcconfig; sourceTree = "<group>"; };
		58505C388EFE46FD85535548 /* SUIT-Thin.ttf */ = {isa = PBXFileReference; explicitFileType = undefined; fileEncoding = 9; includeInIndex = 0; lastKnownFileType = unknown; name = "SUIT-Thin.ttf"; path = "../app/assets/fonts/SUIT-Thin.ttf"; sourceTree = "<group>"; };
		761780EC2CA45674006654EE /* AppDelegate.swift */ = {isa = PBXFileReference; lastKnownFileType = sourcecode.swift; name = AppDelegate.swift; path = lifepuzzle/AppDelegate.swift; sourceTree = "<group>"; };
		7F61953CFE10D39AC504798D /* libPods-lifepuzzle.a */ = {isa = PBXFileReference; explicitFileType = archive.ar; includeInIndex = 0; path = "libPods-lifepuzzle.a"; sourceTree = BUILT_PRODUCTS_DIR; };
		81AB9BB72411601600AC10FF /* LaunchScreen.storyboard */ = {isa = PBXFileReference; fileEncoding = 4; lastKnownFileType = file.storyboard; name = LaunchScreen.storyboard; path = lifepuzzle/LaunchScreen.storyboard; sourceTree = "<group>"; };
		9384F3C9ABBE41D2A57E5D4F /* SUIT-Bold.ttf */ = {isa = PBXFileReference; explicitFileType = undefined; fileEncoding = 9; includeInIndex = 0; lastKnownFileType = unknown; name = "SUIT-Bold.ttf"; path = "../app/assets/fonts/SUIT-Bold.ttf"; sourceTree = "<group>"; };
		A001DC8F4F25472D91623359 /* SUIT-Medium.ttf */ = {isa = PBXFileReference; explicitFileType = undefined; fileEncoding = 9; includeInIndex = 0; lastKnownFileType = unknown; name = "SUIT-Medium.ttf"; path = "../app/assets/fonts/SUIT-Medium.ttf"; sourceTree = "<group>"; };
		A66B61B62E71BDF600273F94 /* LifePuzzleShare.appex */ = {isa = PBXFileReference; explicitFileType = "wrapper.app-extension"; includeInIndex = 0; path = LifePuzzleShare.appex; sourceTree = BUILT_PRODUCTS_DIR; };
		A66B61C72E71BE2600273F94 /* lifepuzzleRelease.entitlements */ = {isa = PBXFileReference; lastKnownFileType = text.plist.entitlements; name = lifepuzzleRelease.entitlements; path = lifepuzzle/lifepuzzleRelease.entitlements; sourceTree = "<group>"; };
		A66D7DF62E72D1E100A9EFC3 /* LPShareModule.mm */ = {isa = PBXFileReference; lastKnownFileType = sourcecode.cpp.objcpp; path = LPShareModule.mm; sourceTree = "<group>"; };
		A66D7E712E73042900A9EFC3 /* Social.framework */ = {isa = PBXFileReference; lastKnownFileType = wrapper.framework; name = Social.framework; path = System/Library/Frameworks/Social.framework; sourceTree = SDKROOT; };
		A66D7E732E73044500A9EFC3 /* UniformTypeIdentifiers.framework */ = {isa = PBXFileReference; lastKnownFileType = wrapper.framework; name = UniformTypeIdentifiers.framework; path = System/Library/Frameworks/UniformTypeIdentifiers.framework; sourceTree = SDKROOT; };
		A66D7E752E73045500A9EFC3 /* MobileCoreServices.framework */ = {isa = PBXFileReference; lastKnownFileType = wrapper.framework; name = MobileCoreServices.framework; path = System/Library/Frameworks/MobileCoreServices.framework; sourceTree = SDKROOT; };
		A695A5F429FE5244009456FE /* Entypo.ttf */ = {isa = PBXFileReference; lastKnownFileType = file; path = Entypo.ttf; sourceTree = "<group>"; };
		A695A5F529FE5244009456FE /* FontAwesome5_Brands.ttf */ = {isa = PBXFileReference; lastKnownFileType = file; path = FontAwesome5_Brands.ttf; sourceTree = "<group>"; };
		A695A5F629FE5244009456FE /* SimpleLineIcons.ttf */ = {isa = PBXFileReference; lastKnownFileType = file; path = SimpleLineIcons.ttf; sourceTree = "<group>"; };
		A695A5F729FE5244009456FE /* MaterialIcons.ttf */ = {isa = PBXFileReference; lastKnownFileType = file; path = MaterialIcons.ttf; sourceTree = "<group>"; };
		A695A5F829FE5244009456FE /* AntDesign.ttf */ = {isa = PBXFileReference; lastKnownFileType = file; path = AntDesign.ttf; sourceTree = "<group>"; };
		A695A5F929FE5245009456FE /* Foundation.ttf */ = {isa = PBXFileReference; lastKnownFileType = file; path = Foundation.ttf; sourceTree = "<group>"; };
		A695A5FA29FE5245009456FE /* Zocial.ttf */ = {isa = PBXFileReference; lastKnownFileType = file; path = Zocial.ttf; sourceTree = "<group>"; };
		A695A5FB29FE5245009456FE /* FontAwesome5_Solid.ttf */ = {isa = PBXFileReference; lastKnownFileType = file; path = FontAwesome5_Solid.ttf; sourceTree = "<group>"; };
		A695A5FC29FE5245009456FE /* Octicons.ttf */ = {isa = PBXFileReference; lastKnownFileType = file; path = Octicons.ttf; sourceTree = "<group>"; };
		A695A5FD29FE5245009456FE /* Feather.ttf */ = {isa = PBXFileReference; lastKnownFileType = file; path = Feather.ttf; sourceTree = "<group>"; };
		A695A5FE29FE5245009456FE /* Ionicons.ttf */ = {isa = PBXFileReference; lastKnownFileType = file; path = Ionicons.ttf; sourceTree = "<group>"; };
		A695A5FF29FE5245009456FE /* MaterialCommunityIcons.ttf */ = {isa = PBXFileReference; lastKnownFileType = file; path = MaterialCommunityIcons.ttf; sourceTree = "<group>"; };
		A695A60029FE5245009456FE /* FontAwesome.ttf */ = {isa = PBXFileReference; lastKnownFileType = file; path = FontAwesome.ttf; sourceTree = "<group>"; };
		A695A60129FE5245009456FE /* FontAwesome5_Regular.ttf */ = {isa = PBXFileReference; lastKnownFileType = file; path = FontAwesome5_Regular.ttf; sourceTree = "<group>"; };
		A695A60229FE5245009456FE /* EvilIcons.ttf */ = {isa = PBXFileReference; lastKnownFileType = file; path = EvilIcons.ttf; sourceTree = "<group>"; };
		A695A60329FE5245009456FE /* Fontisto.ttf */ = {isa = PBXFileReference; lastKnownFileType = file; path = Fontisto.ttf; sourceTree = "<group>"; };
		A695A60429FE5460009456FE /* Pretendard-Black.ttf */ = {isa = PBXFileReference; lastKnownFileType = file; path = "Pretendard-Black.ttf"; sourceTree = "<group>"; };
		A695A60529FE5460009456FE /* Pretendard-Bold.ttf */ = {isa = PBXFileReference; lastKnownFileType = file; path = "Pretendard-Bold.ttf"; sourceTree = "<group>"; };
		A695A60629FE5460009456FE /* Pretendard-ExtraLight.ttf */ = {isa = PBXFileReference; lastKnownFileType = file; path = "Pretendard-ExtraLight.ttf"; sourceTree = "<group>"; };
		A695A60729FE5460009456FE /* Pretendard-SemiBold.ttf */ = {isa = PBXFileReference; lastKnownFileType = file; path = "Pretendard-SemiBold.ttf"; sourceTree = "<group>"; };
		A695A60829FE5460009456FE /* Pretendard-Light.ttf */ = {isa = PBXFileReference; lastKnownFileType = file; path = "Pretendard-Light.ttf"; sourceTree = "<group>"; };
		A695A60929FE5461009456FE /* Pretendard-ExtraBold.ttf */ = {isa = PBXFileReference; lastKnownFileType = file; path = "Pretendard-ExtraBold.ttf"; sourceTree = "<group>"; };
		A695A60A29FE5461009456FE /* Pretendard-Medium.ttf */ = {isa = PBXFileReference; lastKnownFileType = file; path = "Pretendard-Medium.ttf"; sourceTree = "<group>"; };
		A695A60B29FE5461009456FE /* Pretendard-Regular.ttf */ = {isa = PBXFileReference; lastKnownFileType = file; path = "Pretendard-Regular.ttf"; sourceTree = "<group>"; };
		A695A60C29FE5461009456FE /* Pretendard-Thin.ttf */ = {isa = PBXFileReference; lastKnownFileType = file; path = "Pretendard-Thin.ttf"; sourceTree = "<group>"; };
		A695A64029FE62E7009456FE /* Pretendard-Regular.ttf */ = {isa = PBXFileReference; lastKnownFileType = file; name = "Pretendard-Regular.ttf"; path = "../app/assets/fonts/Pretendard-Regular.ttf"; sourceTree = "<group>"; };
		A695A64129FE62E7009456FE /* Pretendard-SemiBold.ttf */ = {isa = PBXFileReference; lastKnownFileType = file; name = "Pretendard-SemiBold.ttf"; path = "../app/assets/fonts/Pretendard-SemiBold.ttf"; sourceTree = "<group>"; };
		A695A64229FE62E7009456FE /* Pretendard-Bold.ttf */ = {isa = PBXFileReference; lastKnownFileType = file; name = "Pretendard-Bold.ttf"; path = "../app/assets/fonts/Pretendard-Bold.ttf"; sourceTree = "<group>"; };
		A695A64329FE62E7009456FE /* Pretendard-Black.ttf */ = {isa = PBXFileReference; lastKnownFileType = file; name = "Pretendard-Black.ttf"; path = "../app/assets/fonts/Pretendard-Black.ttf"; sourceTree = "<group>"; };
		A695A64429FE62E7009456FE /* Pretendard-ExtraBold.ttf */ = {isa = PBXFileReference; lastKnownFileType = file; name = "Pretendard-ExtraBold.ttf"; path = "../app/assets/fonts/Pretendard-ExtraBold.ttf"; sourceTree = "<group>"; };
		A695A64529FE62E7009456FE /* Pretendard-Medium.ttf */ = {isa = PBXFileReference; lastKnownFileType = file; name = "Pretendard-Medium.ttf"; path = "../app/assets/fonts/Pretendard-Medium.ttf"; sourceTree = "<group>"; };
		A695A64629FE62E7009456FE /* Pretendard-Thin.ttf */ = {isa = PBXFileReference; lastKnownFileType = file; name = "Pretendard-Thin.ttf"; path = "../app/assets/fonts/Pretendard-Thin.ttf"; sourceTree = "<group>"; };
		A695A64729FE62E7009456FE /* Pretendard-Light.ttf */ = {isa = PBXFileReference; lastKnownFileType = file; name = "Pretendard-Light.ttf"; path = "../app/assets/fonts/Pretendard-Light.ttf"; sourceTree = "<group>"; };
		A695A64829FE62E7009456FE /* Pretendard-ExtraLight.ttf */ = {isa = PBXFileReference; lastKnownFileType = file; name = "Pretendard-ExtraLight.ttf"; path = "../app/assets/fonts/Pretendard-ExtraLight.ttf"; sourceTree = "<group>"; };
		B3693CC5121040FD86D1C352 /* SUIT-Light.ttf */ = {isa = PBXFileReference; explicitFileType = undefined; fileEncoding = 9; includeInIndex = 0; lastKnownFileType = unknown; name = "SUIT-Light.ttf"; path = "../app/assets/fonts/SUIT-Light.ttf"; sourceTree = "<group>"; };
		B5520C1E157A4CFDB0F7A658 /* SUIT-Heavy.ttf */ = {isa = PBXFileReference; explicitFileType = undefined; fileEncoding = 9; includeInIndex = 0; lastKnownFileType = unknown; name = "SUIT-Heavy.ttf"; path = "../app/assets/fonts/SUIT-Heavy.ttf"; sourceTree = "<group>"; };
		D8D5CEF5362C4676B7741A3E /* SUIT-ExtraBold.ttf */ = {isa = PBXFileReference; explicitFileType = undefined; fileEncoding = 9; includeInIndex = 0; lastKnownFileType = unknown; name = "SUIT-ExtraBold.ttf"; path = "../app/assets/fonts/SUIT-ExtraBold.ttf"; sourceTree = "<group>"; };
		DAECE7F814594C479AF08E4F /* SUIT-Regular.ttf */ = {isa = PBXFileReference; explicitFileType = undefined; fileEncoding = 9; includeInIndex = 0; lastKnownFileType = unknown; name = "SUIT-Regular.ttf"; path = "../app/assets/fonts/SUIT-Regular.ttf"; sourceTree = "<group>"; };
		ED297162215061F000B7C4FE /* JavaScriptCore.framework */ = {isa = PBXFileReference; lastKnownFileType = wrapper.framework; name = JavaScriptCore.framework; path = System/Library/Frameworks/JavaScriptCore.framework; sourceTree = SDKROOT; };
/* End PBXFileReference section */

/* Begin PBXFileSystemSynchronizedBuildFileExceptionSet section */
		A66B61C42E71BDF700273F94 /* Exceptions for "LifePuzzleShare" folder in "LifePuzzleShare" target */ = {
			isa = PBXFileSystemSynchronizedBuildFileExceptionSet;
			membershipExceptions = (
				Info.plist,
			);
			target = A66B61B52E71BDF600273F94 /* LifePuzzleShare */;
		};
/* End PBXFileSystemSynchronizedBuildFileExceptionSet section */

/* Begin PBXFileSystemSynchronizedRootGroup section */
		A66B61B72E71BDF700273F94 /* LifePuzzleShare */ = {
			isa = PBXFileSystemSynchronizedRootGroup;
			exceptions = (
				A66B61C42E71BDF700273F94 /* Exceptions for "LifePuzzleShare" folder in "LifePuzzleShare" target */,
			);
			explicitFileTypes = {
			};
			explicitFolders = (
			);
			path = LifePuzzleShare;
			sourceTree = "<group>";
		};
/* End PBXFileSystemSynchronizedRootGroup section */

/* Begin PBXFrameworksBuildPhase section */
		13B07F8C1A680F5B00A75B9A /* Frameworks */ = {
			isa = PBXFrameworksBuildPhase;
			buildActionMask = 2147483647;
			files = (
				103159265E4AAF0613FBF039 /* libPods-lifepuzzle.a in Frameworks */,
			);
			runOnlyForDeploymentPostprocessing = 0;
		};
		A66B61B32E71BDF600273F94 /* Frameworks */ = {
			isa = PBXFrameworksBuildPhase;
			buildActionMask = 2147483647;
			files = (
				A66D7E762E73045500A9EFC3 /* MobileCoreServices.framework in Frameworks */,
				A66D7E742E73044500A9EFC3 /* UniformTypeIdentifiers.framework in Frameworks */,
				A66D7E722E73042900A9EFC3 /* Social.framework in Frameworks */,
			);
			runOnlyForDeploymentPostprocessing = 0;
		};
/* End PBXFrameworksBuildPhase section */

/* Begin PBXGroup section */
		13B07FAE1A68108700A75B9A /* lifepuzzle */ = {
			isa = PBXGroup;
			children = (
				A66B61C72E71BE2600273F94 /* lifepuzzleRelease.entitlements */,
				03C394502C7A0A5E00CD2BEB /* lifepuzzle.entitlements */,
				13B07FB51A68108700A75B9A /* Images.xcassets */,
				761780EC2CA45674006654EE /* AppDelegate.swift */,
				13B07FB61A68108700A75B9A /* Info.plist */,
				81AB9BB72411601600AC10FF /* LaunchScreen.storyboard */,
				13B07FB81A68108700A75B9A /* PrivacyInfo.xcprivacy */,
				A66D7DF62E72D1E100A9EFC3 /* LPShareModule.mm */,
			);
			name = lifepuzzle;
			sourceTree = "<group>";
		};
		2D16E6871FA4F8E400B85C8A /* Frameworks */ = {
			isa = PBXGroup;
			children = (
				A66D7E752E73045500A9EFC3 /* MobileCoreServices.framework */,
				A66D7E732E73044500A9EFC3 /* UniformTypeIdentifiers.framework */,
				A66D7E712E73042900A9EFC3 /* Social.framework */,
				ED297162215061F000B7C4FE /* JavaScriptCore.framework */,
				7F61953CFE10D39AC504798D /* libPods-lifepuzzle.a */,
			);
			name = Frameworks;
			sourceTree = "<group>";
		};
		832341AE1AAA6A7D00B99B32 /* Libraries */ = {
			isa = PBXGroup;
			children = (
			);
			name = Libraries;
			sourceTree = "<group>";
		};
		83CBB9F61A601CBA00E9B192 = {
			isa = PBXGroup;
			children = (
				41DCB6822E182D6A005521B7 /* Config.xcconfig */,
				A695A64329FE62E7009456FE /* Pretendard-Black.ttf */,
				A695A64229FE62E7009456FE /* Pretendard-Bold.ttf */,
				A695A64429FE62E7009456FE /* Pretendard-ExtraBold.ttf */,
				A695A64829FE62E7009456FE /* Pretendard-ExtraLight.ttf */,
				A695A64729FE62E7009456FE /* Pretendard-Light.ttf */,
				A695A64529FE62E7009456FE /* Pretendard-Medium.ttf */,
				A695A64029FE62E7009456FE /* Pretendard-Regular.ttf */,
				A695A64129FE62E7009456FE /* Pretendard-SemiBold.ttf */,
				A695A64629FE62E7009456FE /* Pretendard-Thin.ttf */,
				A695A5F329FE5171009456FE /* Fonts */,
				13B07FAE1A68108700A75B9A /* lifepuzzle */,
				832341AE1AAA6A7D00B99B32 /* Libraries */,
				A66B61B72E71BDF700273F94 /* LifePuzzleShare */,
				83CBBA001A601CBA00E9B192 /* Products */,
				2D16E6871FA4F8E400B85C8A /* Frameworks */,
				BBD78D7AC51CEA395F1C20DB /* Pods */,
				F248558876BB45F4A66A17C8 /* Resources */,
			);
			indentWidth = 2;
			sourceTree = "<group>";
			tabWidth = 2;
			usesTabs = 0;
		};
		83CBBA001A601CBA00E9B192 /* Products */ = {
			isa = PBXGroup;
			children = (
				13B07F961A680F5B00A75B9A /* lifepuzzle.app */,
				A66B61B62E71BDF600273F94 /* LifePuzzleShare.appex */,
			);
			name = Products;
			sourceTree = "<group>";
		};
		A695A5F329FE5171009456FE /* Fonts */ = {
			isa = PBXGroup;
			children = (
				A695A60429FE5460009456FE /* Pretendard-Black.ttf */,
				A695A60529FE5460009456FE /* Pretendard-Bold.ttf */,
				A695A60929FE5461009456FE /* Pretendard-ExtraBold.ttf */,
				A695A60629FE5460009456FE /* Pretendard-ExtraLight.ttf */,
				A695A60829FE5460009456FE /* Pretendard-Light.ttf */,
				A695A60A29FE5461009456FE /* Pretendard-Medium.ttf */,
				A695A60B29FE5461009456FE /* Pretendard-Regular.ttf */,
				A695A60729FE5460009456FE /* Pretendard-SemiBold.ttf */,
				A695A60C29FE5461009456FE /* Pretendard-Thin.ttf */,
				A695A5F829FE5244009456FE /* AntDesign.ttf */,
				A695A5F429FE5244009456FE /* Entypo.ttf */,
				A695A60229FE5245009456FE /* EvilIcons.ttf */,
				A695A5FD29FE5245009456FE /* Feather.ttf */,
				A695A60029FE5245009456FE /* FontAwesome.ttf */,
				A695A5F529FE5244009456FE /* FontAwesome5_Brands.ttf */,
				A695A60129FE5245009456FE /* FontAwesome5_Regular.ttf */,
				A695A5FB29FE5245009456FE /* FontAwesome5_Solid.ttf */,
				A695A60329FE5245009456FE /* Fontisto.ttf */,
				A695A5F929FE5245009456FE /* Foundation.ttf */,
				A695A5FE29FE5245009456FE /* Ionicons.ttf */,
				A695A5FF29FE5245009456FE /* MaterialCommunityIcons.ttf */,
				A695A5F729FE5244009456FE /* MaterialIcons.ttf */,
				A695A5FC29FE5245009456FE /* Octicons.ttf */,
				A695A5F629FE5244009456FE /* SimpleLineIcons.ttf */,
				A695A5FA29FE5245009456FE /* Zocial.ttf */,
			);
			path = Fonts;
			sourceTree = "<group>";
		};
		BBD78D7AC51CEA395F1C20DB /* Pods */ = {
			isa = PBXGroup;
			children = (
				19409F5AE09993ABC20E598A /* Pods-lifepuzzle.debug.xcconfig */,
				01833A6C43563762B50973EB /* Pods-lifepuzzle.release.xcconfig */,
			);
			path = Pods;
			sourceTree = "<group>";
		};
		F248558876BB45F4A66A17C8 /* Resources */ = {
			isa = PBXGroup;
			children = (
				9384F3C9ABBE41D2A57E5D4F /* SUIT-Bold.ttf */,
				D8D5CEF5362C4676B7741A3E /* SUIT-ExtraBold.ttf */,
				31F15B8503DC4C19B2B3ECFA /* SUIT-ExtraLight.ttf */,
				B5520C1E157A4CFDB0F7A658 /* SUIT-Heavy.ttf */,
				B3693CC5121040FD86D1C352 /* SUIT-Light.ttf */,
				A001DC8F4F25472D91623359 /* SUIT-Medium.ttf */,
				DAECE7F814594C479AF08E4F /* SUIT-Regular.ttf */,
				14D3F721478F4779AACBD0DA /* SUIT-SemiBold.ttf */,
				58505C388EFE46FD85535548 /* SUIT-Thin.ttf */,
			);
			name = Resources;
			sourceTree = "<group>";
		};
/* End PBXGroup section */

/* Begin PBXNativeTarget section */
		13B07F861A680F5B00A75B9A /* lifepuzzle */ = {
			isa = PBXNativeTarget;
			buildConfigurationList = 13B07F931A680F5B00A75B9A /* Build configuration list for PBXNativeTarget "lifepuzzle" */;
			buildPhases = (
				D20E3579863644ADEBFB209C /* [CP] Check Pods Manifest.lock */,
				FD10A7F022414F080027D42C /* Start Packager */,
				13B07F871A680F5B00A75B9A /* Sources */,
				13B07F8C1A680F5B00A75B9A /* Frameworks */,
				13B07F8E1A680F5B00A75B9A /* Resources */,
				00DD1BFF1BD5951E006B06BC /* Bundle React Native code and images */,
				A66B61C12E71BDF700273F94 /* Embed Foundation Extensions */,
				CF90FCFE792B63103B816B51 /* [CP] Embed Pods Frameworks */,
				7382D174875A9B83E120AEBA /* [CP] Copy Pods Resources */,
			);
			buildRules = (
			);
			dependencies = (
				A66B61BF2E71BDF700273F94 /* PBXTargetDependency */,
			);
			name = lifepuzzle;
			productName = lifepuzzle;
			productReference = 13B07F961A680F5B00A75B9A /* lifepuzzle.app */;
			productType = "com.apple.product-type.application";
		};
		A66B61B52E71BDF600273F94 /* LifePuzzleShare */ = {
			isa = PBXNativeTarget;
			buildConfigurationList = A66B61C52E71BDF700273F94 /* Build configuration list for PBXNativeTarget "LifePuzzleShare" */;
			buildPhases = (
				A66B61B22E71BDF600273F94 /* Sources */,
				A66B61B32E71BDF600273F94 /* Frameworks */,
				A66B61B42E71BDF600273F94 /* Resources */,
			);
			buildRules = (
			);
			dependencies = (
			);
			fileSystemSynchronizedGroups = (
				A66B61B72E71BDF700273F94 /* LifePuzzleShare */,
			);
			name = LifePuzzleShare;
			productName = LifePuzzleShare;
			productReference = A66B61B62E71BDF600273F94 /* LifePuzzleShare.appex */;
			productType = "com.apple.product-type.app-extension";
		};
/* End PBXNativeTarget section */

/* Begin PBXProject section */
		83CBB9F71A601CBA00E9B192 /* Project object */ = {
			isa = PBXProject;
			attributes = {
				LastSwiftUpdateCheck = 1630;
				LastUpgradeCheck = 1210;
				TargetAttributes = {
					13B07F861A680F5B00A75B9A = {
						LastSwiftMigration = 1640;
					};
					A66B61B52E71BDF600273F94 = {
						CreatedOnToolsVersion = 16.3;
					};
				};
			};
			buildConfigurationList = 83CBB9FA1A601CBA00E9B192 /* Build configuration list for PBXProject "lifepuzzle" */;
			compatibilityVersion = "Xcode 12.0";
			developmentRegion = en;
			hasScannedForEncodings = 0;
			knownRegions = (
				en,
				Base,
			);
			mainGroup = 83CBB9F61A601CBA00E9B192;
			productRefGroup = 83CBBA001A601CBA00E9B192 /* Products */;
			projectDirPath = "";
			projectRoot = "";
			targets = (
				13B07F861A680F5B00A75B9A /* lifepuzzle */,
				A66B61B52E71BDF600273F94 /* LifePuzzleShare */,
			);
		};
/* End PBXProject section */

/* Begin PBXResourcesBuildPhase section */
		13B07F8E1A680F5B00A75B9A /* Resources */ = {
			isa = PBXResourcesBuildPhase;
			buildActionMask = 2147483647;
			files = (
				A695A64929FE62E7009456FE /* Pretendard-Regular.ttf in Resources */,
				A695A64A29FE62E7009456FE /* Pretendard-SemiBold.ttf in Resources */,
				A695A64B29FE62E7009456FE /* Pretendard-Bold.ttf in Resources */,
				A695A64C29FE62E7009456FE /* Pretendard-Black.ttf in Resources */,
				A695A64D29FE62E7009456FE /* Pretendard-ExtraBold.ttf in Resources */,
				A695A64E29FE62E7009456FE /* Pretendard-Medium.ttf in Resources */,
				A695A64F29FE62E7009456FE /* Pretendard-Thin.ttf in Resources */,
				A695A65029FE62E7009456FE /* Pretendard-Light.ttf in Resources */,
				A695A65129FE62E7009456FE /* Pretendard-ExtraLight.ttf in Resources */,
				81AB9BB82411601600AC10FF /* LaunchScreen.storyboard in Resources */,
				13B07FBF1A68108700A75B9A /* Images.xcassets in Resources */,
				F47CA7BAF5164478B893B2B6 /* SUIT-Bold.ttf in Resources */,
				6AC4628DA23E41A19AE88A77 /* SUIT-ExtraBold.ttf in Resources */,
				82B999686E2147F19ED308F8 /* SUIT-ExtraLight.ttf in Resources */,
				41DCB6832E182D6A005521B7 /* Config.xcconfig in Resources */,
				9D89C350E15B4CDBB6CA8CD4 /* SUIT-Heavy.ttf in Resources */,
				036F6A401DA344A3ADB8EF59 /* SUIT-Light.ttf in Resources */,
				A94B95A6373D42E68FF19EC2 /* SUIT-Medium.ttf in Resources */,
				0CEDD04E2527443580D22880 /* SUIT-Regular.ttf in Resources */,
				27CC7E9492494704A4494201 /* SUIT-SemiBold.ttf in Resources */,
				0731F20CFE6340A895CE668D /* SUIT-Thin.ttf in Resources */,
				1EA5432CFEFCDF180E3E37C2 /* PrivacyInfo.xcprivacy in Resources */,
			);
			runOnlyForDeploymentPostprocessing = 0;
		};
		A66B61B42E71BDF600273F94 /* Resources */ = {
			isa = PBXResourcesBuildPhase;
			buildActionMask = 2147483647;
			files = (
			);
			runOnlyForDeploymentPostprocessing = 0;
		};
/* End PBXResourcesBuildPhase section */

/* Begin PBXShellScriptBuildPhase section */
		00DD1BFF1BD5951E006B06BC /* Bundle React Native code and images */ = {
			isa = PBXShellScriptBuildPhase;
			buildActionMask = 2147483647;
			files = (
			);
			inputPaths = (
				"$(SRCROOT)/.xcode.env.local",
				"$(SRCROOT)/.xcode.env",
			);
			name = "Bundle React Native code and images";
			outputPaths = (
			);
			runOnlyForDeploymentPostprocessing = 0;
			shellPath = /bin/sh;
			shellScript = "set -e\n\nexport PATH=/opt/homebrew/bin:$PATH\n\nWITH_ENVIRONMENT=\"$REACT_NATIVE_PATH/scripts/xcode/with-environment.sh\"\nREACT_NATIVE_XCODE=\"$REACT_NATIVE_PATH/scripts/react-native-xcode.sh\"\n\n/bin/sh -c \"$WITH_ENVIRONMENT $REACT_NATIVE_XCODE\"\n";
		};
		7382D174875A9B83E120AEBA /* [CP] Copy Pods Resources */ = {
			isa = PBXShellScriptBuildPhase;
			buildActionMask = 2147483647;
			files = (
			);
			inputFileListPaths = (
				"${PODS_ROOT}/Target Support Files/Pods-lifepuzzle/Pods-lifepuzzle-resources-${CONFIGURATION}-input-files.xcfilelist",
			);
			name = "[CP] Copy Pods Resources";
			outputFileListPaths = (
				"${PODS_ROOT}/Target Support Files/Pods-lifepuzzle/Pods-lifepuzzle-resources-${CONFIGURATION}-output-files.xcfilelist",
			);
			runOnlyForDeploymentPostprocessing = 0;
			shellPath = /bin/sh;
			shellScript = "\"${PODS_ROOT}/Target Support Files/Pods-lifepuzzle/Pods-lifepuzzle-resources.sh\"\n";
			showEnvVarsInLog = 0;
		};
		CF90FCFE792B63103B816B51 /* [CP] Embed Pods Frameworks */ = {
			isa = PBXShellScriptBuildPhase;
			buildActionMask = 2147483647;
			files = (
			);
			inputFileListPaths = (
				"${PODS_ROOT}/Target Support Files/Pods-lifepuzzle/Pods-lifepuzzle-frameworks-${CONFIGURATION}-input-files.xcfilelist",
			);
			name = "[CP] Embed Pods Frameworks";
			outputFileListPaths = (
				"${PODS_ROOT}/Target Support Files/Pods-lifepuzzle/Pods-lifepuzzle-frameworks-${CONFIGURATION}-output-files.xcfilelist",
			);
			runOnlyForDeploymentPostprocessing = 0;
			shellPath = /bin/sh;
			shellScript = "\"${PODS_ROOT}/Target Support Files/Pods-lifepuzzle/Pods-lifepuzzle-frameworks.sh\"\n";
			showEnvVarsInLog = 0;
		};
		D20E3579863644ADEBFB209C /* [CP] Check Pods Manifest.lock */ = {
			isa = PBXShellScriptBuildPhase;
			buildActionMask = 2147483647;
			files = (
			);
			inputFileListPaths = (
			);
			inputPaths = (
				"${PODS_PODFILE_DIR_PATH}/Podfile.lock",
				"${PODS_ROOT}/Manifest.lock",
			);
			name = "[CP] Check Pods Manifest.lock";
			outputFileListPaths = (
			);
			outputPaths = (
				"$(DERIVED_FILE_DIR)/Pods-lifepuzzle-checkManifestLockResult.txt",
			);
			runOnlyForDeploymentPostprocessing = 0;
			shellPath = /bin/sh;
			shellScript = "diff \"${PODS_PODFILE_DIR_PATH}/Podfile.lock\" \"${PODS_ROOT}/Manifest.lock\" > /dev/null\nif [ $? != 0 ] ; then\n    # print error to STDERR\n    echo \"error: The sandbox is not in sync with the Podfile.lock. Run 'pod install' or update your CocoaPods installation.\" >&2\n    exit 1\nfi\n# This output is used by Xcode 'outputs' to avoid re-running this script phase.\necho \"SUCCESS\" > \"${SCRIPT_OUTPUT_FILE_0}\"\n";
			showEnvVarsInLog = 0;
		};
		FD10A7F022414F080027D42C /* Start Packager */ = {
			isa = PBXShellScriptBuildPhase;
			buildActionMask = 2147483647;
			files = (
			);
			inputFileListPaths = (
			);
			inputPaths = (
			);
			name = "Start Packager";
			outputFileListPaths = (
			);
			outputPaths = (
			);
			runOnlyForDeploymentPostprocessing = 0;
			shellPath = /bin/sh;
			shellScript = "export RCT_METRO_PORT=\"${RCT_METRO_PORT:=8081}\"\necho \"export RCT_METRO_PORT=${RCT_METRO_PORT}\" > \"${SRCROOT}/../node_modules/react-native/scripts/.packager.env\"\nif [ -z \"${RCT_NO_LAUNCH_PACKAGER+xxx}\" ] ; then\n  if nc -w 5 -z localhost ${RCT_METRO_PORT} ; then\n    if ! curl -s \"http://localhost:${RCT_METRO_PORT}/status\" | grep -q \"packager-status:running\" ; then\n      echo \"Port ${RCT_METRO_PORT} already in use, packager is either not running or not running correctly\"\n      exit 2\n    fi\n  else\n    open \"$SRCROOT/../node_modules/react-native/scripts/launchPackager.command\" || echo \"Can't start packager automatically\"\n  fi\nfi\n";
			showEnvVarsInLog = 0;
		};
/* End PBXShellScriptBuildPhase section */

/* Begin PBXSourcesBuildPhase section */
		13B07F871A680F5B00A75B9A /* Sources */ = {
			isa = PBXSourcesBuildPhase;
			buildActionMask = 2147483647;
			files = (
				761780ED2CA45674006654EE /* AppDelegate.swift in Sources */,
				A66D7DF72E72D1E200A9EFC3 /* LPShareModule.mm in Sources */,
			);
			runOnlyForDeploymentPostprocessing = 0;
		};
		A66B61B22E71BDF600273F94 /* Sources */ = {
			isa = PBXSourcesBuildPhase;
			buildActionMask = 2147483647;
			files = (
			);
			runOnlyForDeploymentPostprocessing = 0;
		};
/* End PBXSourcesBuildPhase section */

/* Begin PBXTargetDependency section */
		A66B61BF2E71BDF700273F94 /* PBXTargetDependency */ = {
			isa = PBXTargetDependency;
			target = A66B61B52E71BDF600273F94 /* LifePuzzleShare */;
			targetProxy = A66B61BE2E71BDF700273F94 /* PBXContainerItemProxy */;
		};
/* End PBXTargetDependency section */

/* Begin XCBuildConfiguration section */
		13B07F941A680F5B00A75B9A /* Debug */ = {
			isa = XCBuildConfiguration;
			baseConfigurationReference = 19409F5AE09993ABC20E598A /* Pods-lifepuzzle.debug.xcconfig */;
			buildSettings = {
				ASSETCATALOG_COMPILER_APPICON_NAME = AppIcon;
				CLANG_ENABLE_MODULES = YES;
				CODE_SIGN_ENTITLEMENTS = lifepuzzle/lifepuzzle.entitlements;
				CODE_SIGN_IDENTITY = "Apple Development";
				CODE_SIGN_STYLE = Automatic;
				CURRENT_PROJECT_VERSION = 18;
				DEVELOPMENT_TEAM = N58TUAY7X8;
				ENABLE_BITCODE = NO;
				INFOPLIST_FILE = lifepuzzle/Info.plist;
				IPHONEOS_DEPLOYMENT_TARGET = 15.1;
				LD_RUNPATH_SEARCH_PATHS = (
					"$(inherited)",
					"@executable_path/Frameworks",
				);
				MARKETING_VERSION = 1.2.0;
				OTHER_LDFLAGS = (
					"$(inherited)",
					"-ObjC",
					"-lc++",
				);
				PRODUCT_BUNDLE_IDENTIFIER = io.itmca.lifepuzzle;
				"PRODUCT_BUNDLE_IDENTIFIER[sdk=iphoneos*]" = io.itmca.lifepuzzle;
				PRODUCT_NAME = lifepuzzle;
				PROVISIONING_PROFILE_SPECIFIER = "";
				SUPPORTED_PLATFORMS = "iphoneos iphonesimulator";
				SUPPORTS_MACCATALYST = NO;
				SUPPORTS_MAC_DESIGNED_FOR_IPHONE_IPAD = YES;
				SWIFT_OPTIMIZATION_LEVEL = "-Onone";
				SWIFT_VERSION = 5.0;
				TARGETED_DEVICE_FAMILY = 1;
				VERSIONING_SYSTEM = "apple-generic";
			};
			name = Debug;
		};
		13B07F951A680F5B00A75B9A /* Release */ = {
			isa = XCBuildConfiguration;
			baseConfigurationReference = 01833A6C43563762B50973EB /* Pods-lifepuzzle.release.xcconfig */;
			buildSettings = {
				ASSETCATALOG_COMPILER_APPICON_NAME = AppIcon;
				CLANG_ENABLE_MODULES = YES;
				CODE_SIGN_ENTITLEMENTS = lifepuzzle/lifepuzzleRelease.entitlements;
				CODE_SIGN_IDENTITY = "Apple Development";
				"CODE_SIGN_IDENTITY[sdk=iphoneos*]" = "Apple Development";
				CODE_SIGN_STYLE = Automatic;
				COPY_PHASE_STRIP = NO;
				CURRENT_PROJECT_VERSION = 18;
				DEVELOPMENT_TEAM = N58TUAY7X8;
				INFOPLIST_FILE = lifepuzzle/Info.plist;
				IPHONEOS_DEPLOYMENT_TARGET = 15.1;
				LD_RUNPATH_SEARCH_PATHS = (
					"$(inherited)",
					"@executable_path/Frameworks",
				);
				MARKETING_VERSION = 1.2.0;
				OTHER_LDFLAGS = (
					"$(inherited)",
					"-ObjC",
					"-lc++",
				);
				PRODUCT_BUNDLE_IDENTIFIER = io.itmca.lifepuzzle;
				"PRODUCT_BUNDLE_IDENTIFIER[sdk=iphoneos*]" = io.itmca.lifepuzzle;
				PRODUCT_NAME = lifepuzzle;
				PROVISIONING_PROFILE_SPECIFIER = "";
				SUPPORTED_PLATFORMS = "iphoneos iphonesimulator";
				SUPPORTS_MACCATALYST = NO;
				SUPPORTS_MAC_DESIGNED_FOR_IPHONE_IPAD = YES;
				SWIFT_VERSION = 5.0;
				TARGETED_DEVICE_FAMILY = 1;
				VERSIONING_SYSTEM = "apple-generic";
			};
			name = Release;
		};
		83CBBA201A601CBA00E9B192 /* Debug */ = {
			isa = XCBuildConfiguration;
			baseConfigurationReference = 41DCB6822E182D6A005521B7 /* Config.xcconfig */;
			buildSettings = {
				ALWAYS_SEARCH_USER_PATHS = NO;
				CLANG_ANALYZER_LOCALIZABILITY_NONLOCALIZED = YES;
				CLANG_CXX_LANGUAGE_STANDARD = "c++20";
				CLANG_CXX_LIBRARY = "libc++";
				CLANG_ENABLE_MODULES = YES;
				CLANG_ENABLE_OBJC_ARC = YES;
				CLANG_WARN_BLOCK_CAPTURE_AUTORELEASING = YES;
				CLANG_WARN_BOOL_CONVERSION = YES;
				CLANG_WARN_COMMA = YES;
				CLANG_WARN_CONSTANT_CONVERSION = YES;
				CLANG_WARN_DEPRECATED_OBJC_IMPLEMENTATIONS = YES;
				CLANG_WARN_DIRECT_OBJC_ISA_USAGE = YES_ERROR;
				CLANG_WARN_EMPTY_BODY = YES;
				CLANG_WARN_ENUM_CONVERSION = YES;
				CLANG_WARN_INFINITE_RECURSION = YES;
				CLANG_WARN_INT_CONVERSION = YES;
				CLANG_WARN_NON_LITERAL_NULL_CONVERSION = YES;
				CLANG_WARN_OBJC_IMPLICIT_RETAIN_SELF = YES;
				CLANG_WARN_OBJC_LITERAL_CONVERSION = YES;
				CLANG_WARN_OBJC_ROOT_CLASS = YES_ERROR;
				CLANG_WARN_QUOTED_INCLUDE_IN_FRAMEWORK_HEADER = YES;
				CLANG_WARN_RANGE_LOOP_ANALYSIS = YES;
				CLANG_WARN_STRICT_PROTOTYPES = YES;
				CLANG_WARN_SUSPICIOUS_MOVE = YES;
				CLANG_WARN_UNREACHABLE_CODE = YES;
				CLANG_WARN__DUPLICATE_METHOD_MATCH = YES;
				"CODE_SIGN_IDENTITY[sdk=iphoneos*]" = "iPhone Developer";
				COPY_PHASE_STRIP = NO;
				DEAD_CODE_STRIPPING = NO;
				ENABLE_STRICT_OBJC_MSGSEND = YES;
				ENABLE_TESTABILITY = YES;
				"EXCLUDED_ARCHS[sdk=iphonesimulator*]" = i386;
				GCC_C_LANGUAGE_STANDARD = gnu99;
				GCC_DYNAMIC_NO_PIC = NO;
				GCC_NO_COMMON_BLOCKS = YES;
				GCC_OPTIMIZATION_LEVEL = 0;
				GCC_PREPROCESSOR_DEFINITIONS = (
					"DEBUG=1",
					"$(inherited)",
					_LIBCPP_ENABLE_CXX17_REMOVED_UNARY_BINARY_FUNCTION,
				);
				GCC_SYMBOLS_PRIVATE_EXTERN = NO;
				GCC_WARN_64_TO_32_BIT_CONVERSION = YES;
				GCC_WARN_ABOUT_RETURN_TYPE = YES_ERROR;
				GCC_WARN_UNDECLARED_SELECTOR = YES;
				GCC_WARN_UNINITIALIZED_AUTOS = YES_AGGRESSIVE;
				GCC_WARN_UNUSED_FUNCTION = YES;
				GCC_WARN_UNUSED_VARIABLE = YES;
				IPHONEOS_DEPLOYMENT_TARGET = 13.0;
				LD_RUNPATH_SEARCH_PATHS = (
					/usr/lib/swift,
					"$(inherited)",
				);
				LIBRARY_SEARCH_PATHS = (
					"\"$(SDKROOT)/usr/lib/swift\"",
					"\"$(TOOLCHAIN_DIR)/usr/lib/swift/$(PLATFORM_NAME)\"",
					"\"$(inherited)\"",
				);
				MTL_ENABLE_DEBUG_INFO = YES;
				ONLY_ACTIVE_ARCH = YES;
				OTHER_CFLAGS = "$(inherited)";
				OTHER_CPLUSPLUSFLAGS = (
					"$(OTHER_CFLAGS)",
					"-DFOLLY_NO_CONFIG",
					"-DFOLLY_MOBILE=1",
					"-DFOLLY_USE_LIBCPP=1",
					"-DFOLLY_HAVE_CLOCK_GETTIME=1",
				);
				OTHER_LDFLAGS = (
					"$(inherited)",
					" ",
				);
				REACT_NATIVE_PATH = "${PODS_ROOT}/../../node_modules/react-native";
				SDKROOT = iphoneos;
				SWIFT_ACTIVE_COMPILATION_CONDITIONS = "$(inherited) DEBUG";
				USE_HERMES = true;
			};
			name = Debug;
		};
		83CBBA211A601CBA00E9B192 /* Release */ = {
			isa = XCBuildConfiguration;
			baseConfigurationReference = 41DCB6822E182D6A005521B7 /* Config.xcconfig */;
			buildSettings = {
				ALWAYS_SEARCH_USER_PATHS = NO;
				CLANG_ANALYZER_LOCALIZABILITY_NONLOCALIZED = YES;
				CLANG_CXX_LANGUAGE_STANDARD = "c++20";
				CLANG_CXX_LIBRARY = "libc++";
				CLANG_ENABLE_MODULES = YES;
				CLANG_ENABLE_OBJC_ARC = YES;
				CLANG_WARN_BLOCK_CAPTURE_AUTORELEASING = YES;
				CLANG_WARN_BOOL_CONVERSION = YES;
				CLANG_WARN_COMMA = YES;
				CLANG_WARN_CONSTANT_CONVERSION = YES;
				CLANG_WARN_DEPRECATED_OBJC_IMPLEMENTATIONS = YES;
				CLANG_WARN_DIRECT_OBJC_ISA_USAGE = YES_ERROR;
				CLANG_WARN_EMPTY_BODY = YES;
				CLANG_WARN_ENUM_CONVERSION = YES;
				CLANG_WARN_INFINITE_RECURSION = YES;
				CLANG_WARN_INT_CONVERSION = YES;
				CLANG_WARN_NON_LITERAL_NULL_CONVERSION = YES;
				CLANG_WARN_OBJC_IMPLICIT_RETAIN_SELF = YES;
				CLANG_WARN_OBJC_LITERAL_CONVERSION = YES;
				CLANG_WARN_OBJC_ROOT_CLASS = YES_ERROR;
				CLANG_WARN_QUOTED_INCLUDE_IN_FRAMEWORK_HEADER = YES;
				CLANG_WARN_RANGE_LOOP_ANALYSIS = YES;
				CLANG_WARN_STRICT_PROTOTYPES = YES;
				CLANG_WARN_SUSPICIOUS_MOVE = YES;
				CLANG_WARN_UNREACHABLE_CODE = YES;
				CLANG_WARN__DUPLICATE_METHOD_MATCH = YES;
				"CODE_SIGN_IDENTITY[sdk=iphoneos*]" = "iPhone Developer";
				COPY_PHASE_STRIP = NO;
				DEAD_CODE_STRIPPING = NO;
				ENABLE_NS_ASSERTIONS = NO;
				ENABLE_STRICT_OBJC_MSGSEND = YES;
				"EXCLUDED_ARCHS[sdk=iphonesimulator*]" = i386;
				GCC_C_LANGUAGE_STANDARD = gnu99;
				GCC_NO_COMMON_BLOCKS = YES;
				GCC_PREPROCESSOR_DEFINITIONS = (
					"$(inherited)",
					_LIBCPP_ENABLE_CXX17_REMOVED_UNARY_BINARY_FUNCTION,
				);
				GCC_WARN_64_TO_32_BIT_CONVERSION = YES;
				GCC_WARN_ABOUT_RETURN_TYPE = YES_ERROR;
				GCC_WARN_UNDECLARED_SELECTOR = YES;
				GCC_WARN_UNINITIALIZED_AUTOS = YES_AGGRESSIVE;
				GCC_WARN_UNUSED_FUNCTION = YES;
				GCC_WARN_UNUSED_VARIABLE = YES;
				IPHONEOS_DEPLOYMENT_TARGET = 15.1;
				LD_RUNPATH_SEARCH_PATHS = (
					/usr/lib/swift,
					"$(inherited)",
				);
				LIBRARY_SEARCH_PATHS = (
					"\"$(SDKROOT)/usr/lib/swift\"",
					"\"$(TOOLCHAIN_DIR)/usr/lib/swift/$(PLATFORM_NAME)\"",
					"\"$(inherited)\"",
				);
				MTL_ENABLE_DEBUG_INFO = NO;
				OTHER_CFLAGS = "$(inherited)";
				OTHER_CPLUSPLUSFLAGS = (
					"$(OTHER_CFLAGS)",
					"-DFOLLY_NO_CONFIG",
					"-DFOLLY_MOBILE=1",
					"-DFOLLY_USE_LIBCPP=1",
					"-DFOLLY_HAVE_CLOCK_GETTIME=1",
				);
				OTHER_LDFLAGS = (
					"$(inherited)",
					" ",
				);
				REACT_NATIVE_PATH = "${PODS_ROOT}/../../node_modules/react-native";
				SDKROOT = iphoneos;
				USE_HERMES = true;
				VALIDATE_PRODUCT = YES;
			};
			name = Release;
		};
		A66B61C22E71BDF700273F94 /* Debug */ = {
			isa = XCBuildConfiguration;
			buildSettings = {
				ASSETCATALOG_COMPILER_GENERATE_SWIFT_ASSET_SYMBOL_EXTENSIONS = YES;
				CLANG_ANALYZER_NONNULL = YES;
				CLANG_ANALYZER_NUMBER_OBJECT_CONVERSION = YES_AGGRESSIVE;
				CLANG_CXX_LANGUAGE_STANDARD = "gnu++20";
				CLANG_ENABLE_OBJC_WEAK = YES;
				CLANG_WARN_DOCUMENTATION_COMMENTS = YES;
				CLANG_WARN_UNGUARDED_AVAILABILITY = YES_AGGRESSIVE;
				CODE_SIGN_ENTITLEMENTS = LifePuzzleShare/LifePuzzleShareDebug.entitlements;
				CODE_SIGN_IDENTITY = "Apple Development";
				CODE_SIGN_STYLE = Automatic;
				CURRENT_PROJECT_VERSION = 1;
				DEBUG_INFORMATION_FORMAT = dwarf;
				DEVELOPMENT_TEAM = N58TUAY7X8;
				ENABLE_USER_SCRIPT_SANDBOXING = YES;
				GCC_C_LANGUAGE_STANDARD = gnu17;
				GCC_PREPROCESSOR_DEFINITIONS = (
					"DEBUG=1",
					"$(inherited)",
				);
				GENERATE_INFOPLIST_FILE = YES;
				INFOPLIST_FILE = LifePuzzleShare/Info.plist;
				INFOPLIST_KEY_CFBundleDisplayName = LifePuzzleShare;
				INFOPLIST_KEY_NSHumanReadableCopyright = "";
				IPHONEOS_DEPLOYMENT_TARGET = 18.4;
				LD_RUNPATH_SEARCH_PATHS = (
					"$(inherited)",
					"@executable_path/Frameworks",
					"@executable_path/../../Frameworks",
				);
				LOCALIZATION_PREFERS_STRING_CATALOGS = YES;
				MARKETING_VERSION = 1.0;
				MTL_ENABLE_DEBUG_INFO = INCLUDE_SOURCE;
				MTL_FAST_MATH = YES;
				PRODUCT_BUNDLE_IDENTIFIER = io.itmca.lifepuzzle.LifePuzzleShare;
				PRODUCT_NAME = "$(TARGET_NAME)";
				SKIP_INSTALL = YES;
				SWIFT_ACTIVE_COMPILATION_CONDITIONS = "DEBUG $(inherited)";
				SWIFT_EMIT_LOC_STRINGS = YES;
				SWIFT_OPTIMIZATION_LEVEL = "-Onone";
				SWIFT_VERSION = 5.0;
				TARGETED_DEVICE_FAMILY = "1,2";
			};
			name = Debug;
		};
		A66B61C32E71BDF700273F94 /* Release */ = {
			isa = XCBuildConfiguration;
			buildSettings = {
				ASSETCATALOG_COMPILER_GENERATE_SWIFT_ASSET_SYMBOL_EXTENSIONS = YES;
				CLANG_ANALYZER_NONNULL = YES;
				CLANG_ANALYZER_NUMBER_OBJECT_CONVERSION = YES_AGGRESSIVE;
				CLANG_CXX_LANGUAGE_STANDARD = "gnu++20";
				CLANG_ENABLE_OBJC_WEAK = YES;
				CLANG_WARN_DOCUMENTATION_COMMENTS = YES;
				CLANG_WARN_UNGUARDED_AVAILABILITY = YES_AGGRESSIVE;
				CODE_SIGN_ENTITLEMENTS = LifePuzzleShare/LifePuzzleShareRelease.entitlements;
				CODE_SIGN_IDENTITY = "Apple Development";
				"CODE_SIGN_IDENTITY[sdk=iphoneos*]" = "Apple Development";
				CODE_SIGN_STYLE = Automatic;
				CURRENT_PROJECT_VERSION = 1;
				DEBUG_INFORMATION_FORMAT = "dwarf-with-dsym";
				DEVELOPMENT_TEAM = N58TUAY7X8;
				ENABLE_USER_SCRIPT_SANDBOXING = YES;
				GCC_C_LANGUAGE_STANDARD = gnu17;
				GENERATE_INFOPLIST_FILE = YES;
				INFOPLIST_FILE = LifePuzzleShare/Info.plist;
				INFOPLIST_KEY_CFBundleDisplayName = LifePuzzleShare;
				INFOPLIST_KEY_NSHumanReadableCopyright = "";
				IPHONEOS_DEPLOYMENT_TARGET = 18.4;
				LD_RUNPATH_SEARCH_PATHS = (
					"$(inherited)",
					"@executable_path/Frameworks",
					"@executable_path/../../Frameworks",
				);
				LOCALIZATION_PREFERS_STRING_CATALOGS = YES;
				MARKETING_VERSION = 1.0;
				MTL_FAST_MATH = YES;
				PRODUCT_BUNDLE_IDENTIFIER = io.itmca.lifepuzzle.LifePuzzleShare;
				PRODUCT_NAME = "$(TARGET_NAME)";
				SKIP_INSTALL = YES;
				SWIFT_COMPILATION_MODE = wholemodule;
				SWIFT_EMIT_LOC_STRINGS = YES;
				SWIFT_VERSION = 5.0;
				TARGETED_DEVICE_FAMILY = "1,2";
			};
			name = Release;
		};
/* End XCBuildConfiguration section */

/* Begin XCConfigurationList section */
		13B07F931A680F5B00A75B9A /* Build configuration list for PBXNativeTarget "lifepuzzle" */ = {
			isa = XCConfigurationList;
			buildConfigurations = (
				13B07F941A680F5B00A75B9A /* Debug */,
				13B07F951A680F5B00A75B9A /* Release */,
			);
			defaultConfigurationIsVisible = 0;
			defaultConfigurationName = Release;
		};
		83CBB9FA1A601CBA00E9B192 /* Build configuration list for PBXProject "lifepuzzle" */ = {
			isa = XCConfigurationList;
			buildConfigurations = (
				83CBBA201A601CBA00E9B192 /* Debug */,
				83CBBA211A601CBA00E9B192 /* Release */,
			);
			defaultConfigurationIsVisible = 0;
			defaultConfigurationName = Release;
		};
		A66B61C52E71BDF700273F94 /* Build configuration list for PBXNativeTarget "LifePuzzleShare" */ = {
			isa = XCConfigurationList;
			buildConfigurations = (
				A66B61C22E71BDF700273F94 /* Debug */,
				A66B61C32E71BDF700273F94 /* Release */,
			);
			defaultConfigurationIsVisible = 0;
			defaultConfigurationName = Release;
		};
/* End XCConfigurationList section */
	};
	rootObject = 83CBB9F71A601CBA00E9B192 /* Project object */;
}
